{
  "nodes": {
    "burpsuitepro": {
      "inputs": {
        "nixpkgs": [
          "nixpkgs"
        ]
      },
      "locked": {
        "lastModified": 1760753497,
        "narHash": "sha256-FNFnj8fF0dpPijU6rk1XJNWPMuJLSprDNpa6wktl8Go=",
        "owner": "soymou",
        "repo": "Burpsuite-Professional",
        "rev": "7cb64f22b9a782c9cb693596d66baeb75f487d39",
        "type": "github"
      },
      "original": {
        "owner": "soymou",
        "repo": "Burpsuite-Professional",
        "type": "github"
      }
    },
    "nixpkgs": {
      "locked": {
        "lastModified": 1760580664,
        "narHash": "sha256-/YdfibIrnqXAL8p5kqCU345mzpHoOtuVIkMiI2pF4Dc=",
        "owner": "NixOS",
        "repo": "nixpkgs",
        "rev": "98ff3f9af2684f6136c24beef08f5e2033fc5389",
        "type": "github"
      },
      "original": {
        "owner": "NixOS",
        "ref": "nixos-25.05",
        "repo": "nixpkgs",
        "type": "github"
      }
    },
    "root": {
      "inputs": {
        "burpsuitepro": "burpsuitepro",
        "nixpkgs": "nixpkgs"
      }
    }
  },
  "root": "root",
  "version": 7
}
